# This file is automatically @generated by Poetry 1.8.2 and should not be changed by hand.

[[package]]
name = "black"
version = "24.4.2"
description = "The uncompromising code formatter."
optional = false
python-versions = ">=3.8"
files = [
    {file = "black-24.4.2-cp310-cp310-macosx_10_9_x86_64.whl", hash = "sha256:dd1b5a14e417189db4c7b64a6540f31730713d173f0b63e55fabd52d61d8fdce"},
    {file = "black-24.4.2-cp310-cp310-macosx_11_0_arm64.whl", hash = "sha256:8e537d281831ad0e71007dcdcbe50a71470b978c453fa41ce77186bbe0ed6021"},
    {file = "black-24.4.2-cp310-cp310-manylinux_2_17_x86_64.manylinux2014_x86_64.whl", hash = "sha256:eaea3008c281f1038edb473c1aa8ed8143a5535ff18f978a318f10302b254063"},
    {file = "black-24.4.2-cp310-cp310-win_amd64.whl", hash = "sha256:7768a0dbf16a39aa5e9a3ded568bb545c8c2727396d063bbaf847df05b08cd96"},
    {file = "black-24.4.2-cp311-cp311-macosx_10_9_x86_64.whl", hash = "sha256:257d724c2c9b1660f353b36c802ccece186a30accc7742c176d29c146df6e474"},
    {file = "black-24.4.2-cp311-cp311-macosx_11_0_arm64.whl", hash = "sha256:bdde6f877a18f24844e381d45e9947a49e97933573ac9d4345399be37621e26c"},
    {file = "black-24.4.2-cp311-cp311-manylinux_2_17_x86_64.manylinux2014_x86_64.whl", hash = "sha256:e151054aa00bad1f4e1f04919542885f89f5f7d086b8a59e5000e6c616896ffb"},
    {file = "black-24.4.2-cp311-cp311-win_amd64.whl", hash = "sha256:7e122b1c4fb252fd85df3ca93578732b4749d9be076593076ef4d07a0233c3e1"},
    {file = "black-24.4.2-cp312-cp312-macosx_10_9_x86_64.whl", hash = "sha256:accf49e151c8ed2c0cdc528691838afd217c50412534e876a19270fea1e28e2d"},
    {file = "black-24.4.2-cp312-cp312-macosx_11_0_arm64.whl", hash = "sha256:88c57dc656038f1ab9f92b3eb5335ee9b021412feaa46330d5eba4e51fe49b04"},
    {file = "black-24.4.2-cp312-cp312-manylinux_2_17_x86_64.manylinux2014_x86_64.whl", hash = "sha256:be8bef99eb46d5021bf053114442914baeb3649a89dc5f3a555c88737e5e98fc"},
    {file = "black-24.4.2-cp312-cp312-win_amd64.whl", hash = "sha256:415e686e87dbbe6f4cd5ef0fbf764af7b89f9057b97c908742b6008cc554b9c0"},
    {file = "black-24.4.2-cp38-cp38-macosx_10_9_x86_64.whl", hash = "sha256:bf10f7310db693bb62692609b397e8d67257c55f949abde4c67f9cc574492cc7"},
    {file = "black-24.4.2-cp38-cp38-macosx_11_0_arm64.whl", hash = "sha256:98e123f1d5cfd42f886624d84464f7756f60ff6eab89ae845210631714f6db94"},
    {file = "black-24.4.2-cp38-cp38-manylinux_2_17_x86_64.manylinux2014_x86_64.whl", hash = "sha256:48a85f2cb5e6799a9ef05347b476cce6c182d6c71ee36925a6c194d074336ef8"},
    {file = "black-24.4.2-cp38-cp38-win_amd64.whl", hash = "sha256:b1530ae42e9d6d5b670a34db49a94115a64596bc77710b1d05e9801e62ca0a7c"},
    {file = "black-24.4.2-cp39-cp39-macosx_10_9_x86_64.whl", hash = "sha256:37aae07b029fa0174d39daf02748b379399b909652a806e5708199bd93899da1"},
    {file = "black-24.4.2-cp39-cp39-macosx_11_0_arm64.whl", hash = "sha256:da33a1a5e49c4122ccdfd56cd021ff1ebc4a1ec4e2d01594fef9b6f267a9e741"},
    {file = "black-24.4.2-cp39-cp39-manylinux_2_17_x86_64.manylinux2014_x86_64.whl", hash = "sha256:ef703f83fc32e131e9bcc0a5094cfe85599e7109f896fe8bc96cc402f3eb4b6e"},
    {file = "black-24.4.2-cp39-cp39-win_amd64.whl", hash = "sha256:b9176b9832e84308818a99a561e90aa479e73c523b3f77afd07913380ae2eab7"},
    {file = "black-24.4.2-py3-none-any.whl", hash = "sha256:d36ed1124bb81b32f8614555b34cc4259c3fbc7eec17870e8ff8ded335b58d8c"},
    {file = "black-24.4.2.tar.gz", hash = "sha256:c872b53057f000085da66a19c55d68f6f8ddcac2642392ad3a355878406fbd4d"},
]

[package.dependencies]
click = ">=8.0.0"
mypy-extensions = ">=0.4.3"
packaging = ">=22.0"
pathspec = ">=0.9.0"
platformdirs = ">=2"

[package.extras]
colorama = ["colorama (>=0.4.3)"]
d = ["aiohttp (>=3.7.4)", "aiohttp (>=3.7.4,!=3.9.0)"]
jupyter = ["ipython (>=7.8.0)", "tokenize-rt (>=3.2.0)"]
uvloop = ["uvloop (>=0.15.2)"]

[[package]]
name = "click"
version = "8.1.7"
description = "Composable command line interface toolkit"
optional = false
python-versions = ">=3.7"
files = [
    {file = "click-8.1.7-py3-none-any.whl", hash = "sha256:ae74fb96c20a0277a1d615f1e4d73c8414f5a98db8b799a7931d1582f3390c28"},
    {file = "click-8.1.7.tar.gz", hash = "sha256:ca9853ad459e787e2192211578cc907e7594e294c7ccc834310722b41b9ca6de"},
]

[package.dependencies]
colorama = {version = "*", markers = "platform_system == \"Windows\""}

[[package]]
name = "colorama"
version = "0.4.6"
description = "Cross-platform colored terminal text."
optional = false
python-versions = "!=3.0.*,!=3.1.*,!=3.2.*,!=3.3.*,!=3.4.*,!=3.5.*,!=3.6.*,>=2.7"
files = [
    {file = "colorama-0.4.6-py2.py3-none-any.whl", hash = "sha256:4f1d9991f5acc0ca119f9d443620b77f9d6b33703e51011c16baf57afb285fc6"},
    {file = "colorama-0.4.6.tar.gz", hash = "sha256:08695f5cb7ed6e0531a20572697297273c47b8cae5a63ffc6d6ed5c201be6e44"},
]

[[package]]
name = "flatbuffers"
version = "24.3.25"
description = "The FlatBuffers serialization format for Python"
optional = false
python-versions = "*"
files = [
    {file = "flatbuffers-24.3.25-py2.py3-none-any.whl", hash = "sha256:8dbdec58f935f3765e4f7f3cf635ac3a77f83568138d6a2311f524ec96364812"},
    {file = "flatbuffers-24.3.25.tar.gz", hash = "sha256:de2ec5b203f21441716617f38443e0a8ebf3d25bf0d9c0bb0ce68fa00ad546a4"},
]

[[package]]
name = "mypy-extensions"
version = "1.0.0"
description = "Type system extensions for programs checked with the mypy type checker."
optional = false
python-versions = ">=3.5"
files = [
    {file = "mypy_extensions-1.0.0-py3-none-any.whl", hash = "sha256:4392f6c0eb8a5668a69e23d168ffa70f0be9ccfd32b5cc2d26a34ae5b844552d"},
    {file = "mypy_extensions-1.0.0.tar.gz", hash = "sha256:75dbf8955dc00442a438fc4d0666508a9a97b6bd41aa2f0ffe9d2f2725af0782"},
]

[[package]]
name = "nodeenv"
version = "1.9.1"
description = "Node.js virtual environment builder"
optional = false
python-versions = "!=3.0.*,!=3.1.*,!=3.2.*,!=3.3.*,!=3.4.*,!=3.5.*,!=3.6.*,>=2.7"
files = [
    {file = "nodeenv-1.9.1-py2.py3-none-any.whl", hash = "sha256:ba11c9782d29c27c70ffbdda2d7415098754709be8a7056d79a737cd901155c9"},
    {file = "nodeenv-1.9.1.tar.gz", hash = "sha256:6ec12890a2dab7946721edbfbcd91f3319c6ccc9aec47be7c7e6b7011ee6645f"},
]

[[package]]
name = "numpy"
version = "2.0.0"
description = "Fundamental package for array computing in Python"
optional = false
python-versions = ">=3.9"
files = [
    {file = "numpy-2.0.0-cp310-cp310-macosx_10_9_x86_64.whl", hash = "sha256:04494f6ec467ccb5369d1808570ae55f6ed9b5809d7f035059000a37b8d7e86f"},
    {file = "numpy-2.0.0-cp310-cp310-macosx_11_0_arm64.whl", hash = "sha256:2635dbd200c2d6faf2ef9a0d04f0ecc6b13b3cad54f7c67c61155138835515d2"},
    {file = "numpy-2.0.0-cp310-cp310-macosx_14_0_arm64.whl", hash = "sha256:0a43f0974d501842866cc83471bdb0116ba0dffdbaac33ec05e6afed5b615238"},
    {file = "numpy-2.0.0-cp310-cp310-macosx_14_0_x86_64.whl", hash = "sha256:8d83bb187fb647643bd56e1ae43f273c7f4dbcdf94550d7938cfc32566756514"},
    {file = "numpy-2.0.0-cp310-cp310-manylinux_2_17_aarch64.manylinux2014_aarch64.whl", hash = "sha256:79e843d186c8fb1b102bef3e2bc35ef81160ffef3194646a7fdd6a73c6b97196"},
    {file = "numpy-2.0.0-cp310-cp310-manylinux_2_17_x86_64.manylinux2014_x86_64.whl", hash = "sha256:6d7696c615765091cc5093f76fd1fa069870304beaccfd58b5dcc69e55ef49c1"},
    {file = "numpy-2.0.0-cp310-cp310-musllinux_1_1_x86_64.whl", hash = "sha256:b4c76e3d4c56f145d41b7b6751255feefae92edbc9a61e1758a98204200f30fc"},
    {file = "numpy-2.0.0-cp310-cp310-musllinux_1_2_aarch64.whl", hash = "sha256:acd3a644e4807e73b4e1867b769fbf1ce8c5d80e7caaef0d90dcdc640dfc9787"},
    {file = "numpy-2.0.0-cp310-cp310-win32.whl", hash = "sha256:cee6cc0584f71adefe2c908856ccc98702baf95ff80092e4ca46061538a2ba98"},
    {file = "numpy-2.0.0-cp310-cp310-win_amd64.whl", hash = "sha256:ed08d2703b5972ec736451b818c2eb9da80d66c3e84aed1deeb0c345fefe461b"},
    {file = "numpy-2.0.0-cp311-cp311-macosx_10_9_x86_64.whl", hash = "sha256:ad0c86f3455fbd0de6c31a3056eb822fc939f81b1618f10ff3406971893b62a5"},
    {file = "numpy-2.0.0-cp311-cp311-macosx_11_0_arm64.whl", hash = "sha256:e7f387600d424f91576af20518334df3d97bc76a300a755f9a8d6e4f5cadd289"},
    {file = "numpy-2.0.0-cp311-cp311-macosx_14_0_arm64.whl", hash = "sha256:34f003cb88b1ba38cb9a9a4a3161c1604973d7f9d5552c38bc2f04f829536609"},
    {file = "numpy-2.0.0-cp311-cp311-macosx_14_0_x86_64.whl", hash = "sha256:b6f6a8f45d0313db07d6d1d37bd0b112f887e1369758a5419c0370ba915b3871"},
    {file = "numpy-2.0.0-cp311-cp311-manylinux_2_17_aarch64.manylinux2014_aarch64.whl", hash = "sha256:5f64641b42b2429f56ee08b4f427a4d2daf916ec59686061de751a55aafa22e4"},
    {file = "numpy-2.0.0-cp311-cp311-manylinux_2_17_x86_64.manylinux2014_x86_64.whl", hash = "sha256:a7039a136017eaa92c1848152827e1424701532ca8e8967fe480fe1569dae581"},
    {file = "numpy-2.0.0-cp311-cp311-musllinux_1_1_x86_64.whl", hash = "sha256:46e161722e0f619749d1cd892167039015b2c2817296104487cd03ed4a955995"},
    {file = "numpy-2.0.0-cp311-cp311-musllinux_1_2_aarch64.whl", hash = "sha256:0e50842b2295ba8414c8c1d9d957083d5dfe9e16828b37de883f51fc53c4016f"},
    {file = "numpy-2.0.0-cp311-cp311-win32.whl", hash = "sha256:2ce46fd0b8a0c947ae047d222f7136fc4d55538741373107574271bc00e20e8f"},
    {file = "numpy-2.0.0-cp311-cp311-win_amd64.whl", hash = "sha256:fbd6acc766814ea6443628f4e6751d0da6593dae29c08c0b2606164db026970c"},
    {file = "numpy-2.0.0-cp312-cp312-macosx_10_9_x86_64.whl", hash = "sha256:354f373279768fa5a584bac997de6a6c9bc535c482592d7a813bb0c09be6c76f"},
    {file = "numpy-2.0.0-cp312-cp312-macosx_11_0_arm64.whl", hash = "sha256:4d2f62e55a4cd9c58c1d9a1c9edaedcd857a73cb6fda875bf79093f9d9086f85"},
    {file = "numpy-2.0.0-cp312-cp312-macosx_14_0_arm64.whl", hash = "sha256:1e72728e7501a450288fc8e1f9ebc73d90cfd4671ebbd631f3e7857c39bd16f2"},
    {file = "numpy-2.0.0-cp312-cp312-macosx_14_0_x86_64.whl", hash = "sha256:84554fc53daa8f6abf8e8a66e076aff6ece62de68523d9f665f32d2fc50fd66e"},
    {file = "numpy-2.0.0-cp312-cp312-manylinux_2_17_aarch64.manylinux2014_aarch64.whl", hash = "sha256:c73aafd1afca80afecb22718f8700b40ac7cab927b8abab3c3e337d70e10e5a2"},
    {file = "numpy-2.0.0-cp312-cp312-manylinux_2_17_x86_64.manylinux2014_x86_64.whl", hash = "sha256:49d9f7d256fbc804391a7f72d4a617302b1afac1112fac19b6c6cec63fe7fe8a"},
    {file = "numpy-2.0.0-cp312-cp312-musllinux_1_1_x86_64.whl", hash = "sha256:0ec84b9ba0654f3b962802edc91424331f423dcf5d5f926676e0150789cb3d95"},
    {file = "numpy-2.0.0-cp312-cp312-musllinux_1_2_aarch64.whl", hash = "sha256:feff59f27338135776f6d4e2ec7aeeac5d5f7a08a83e80869121ef8164b74af9"},
    {file = "numpy-2.0.0-cp312-cp312-win32.whl", hash = "sha256:c5a59996dc61835133b56a32ebe4ef3740ea5bc19b3983ac60cc32be5a665d54"},
    {file = "numpy-2.0.0-cp312-cp312-win_amd64.whl", hash = "sha256:a356364941fb0593bb899a1076b92dfa2029f6f5b8ba88a14fd0984aaf76d0df"},
    {file = "numpy-2.0.0-cp39-cp39-macosx_10_9_x86_64.whl", hash = "sha256:e61155fae27570692ad1d327e81c6cf27d535a5d7ef97648a17d922224b216de"},
    {file = "numpy-2.0.0-cp39-cp39-macosx_11_0_arm64.whl", hash = "sha256:4554eb96f0fd263041baf16cf0881b3f5dafae7a59b1049acb9540c4d57bc8cb"},
    {file = "numpy-2.0.0-cp39-cp39-macosx_14_0_arm64.whl", hash = "sha256:903703372d46bce88b6920a0cd86c3ad82dae2dbef157b5fc01b70ea1cfc430f"},
    {file = "numpy-2.0.0-cp39-cp39-macosx_14_0_x86_64.whl", hash = "sha256:3e8e01233d57639b2e30966c63d36fcea099d17c53bf424d77f088b0f4babd86"},
    {file = "numpy-2.0.0-cp39-cp39-manylinux_2_17_aarch64.manylinux2014_aarch64.whl", hash = "sha256:1cde1753efe513705a0c6d28f5884e22bdc30438bf0085c5c486cdaff40cd67a"},
    {file = "numpy-2.0.0-cp39-cp39-manylinux_2_17_x86_64.manylinux2014_x86_64.whl", hash = "sha256:821eedb7165ead9eebdb569986968b541f9908979c2da8a4967ecac4439bae3d"},
    {file = "numpy-2.0.0-cp39-cp39-musllinux_1_1_x86_64.whl", hash = "sha256:9a1712c015831da583b21c5bfe15e8684137097969c6d22e8316ba66b5baabe4"},
    {file = "numpy-2.0.0-cp39-cp39-musllinux_1_2_aarch64.whl", hash = "sha256:9c27f0946a3536403efb0e1c28def1ae6730a72cd0d5878db38824855e3afc44"},
    {file = "numpy-2.0.0-cp39-cp39-win32.whl", hash = "sha256:63b92c512d9dbcc37f9d81b123dec99fdb318ba38c8059afc78086fe73820275"},
    {file = "numpy-2.0.0-cp39-cp39-win_amd64.whl", hash = "sha256:3f6bed7f840d44c08ebdb73b1825282b801799e325bcbdfa6bc5c370e5aecc65"},
    {file = "numpy-2.0.0-pp39-pypy39_pp73-macosx_10_9_x86_64.whl", hash = "sha256:9416a5c2e92ace094e9f0082c5fd473502c91651fb896bc17690d6fc475128d6"},
    {file = "numpy-2.0.0-pp39-pypy39_pp73-macosx_14_0_x86_64.whl", hash = "sha256:17067d097ed036636fa79f6a869ac26df7db1ba22039d962422506640314933a"},
    {file = "numpy-2.0.0-pp39-pypy39_pp73-manylinux_2_17_x86_64.manylinux2014_x86_64.whl", hash = "sha256:38ecb5b0582cd125f67a629072fed6f83562d9dd04d7e03256c9829bdec027ad"},
    {file = "numpy-2.0.0-pp39-pypy39_pp73-win_amd64.whl", hash = "sha256:cef04d068f5fb0518a77857953193b6bb94809a806bd0a14983a8f12ada060c9"},
    {file = "numpy-2.0.0.tar.gz", hash = "sha256:cf5d1c9e6837f8af9f92b6bd3e86d513cdc11f60fd62185cc49ec7d1aba34864"},
]

[[package]]
name = "orjson"
version = "3.10.5"
description = "Fast, correct Python JSON library supporting dataclasses, datetimes, and numpy"
optional = false
python-versions = ">=3.8"
files = [
    {file = "orjson-3.10.5-cp310-cp310-macosx_10_15_x86_64.macosx_11_0_arm64.macosx_10_15_universal2.whl", hash = "sha256:545d493c1f560d5ccfc134803ceb8955a14c3fcb47bbb4b2fee0232646d0b932"},
    {file = "orjson-3.10.5-cp310-cp310-manylinux_2_17_aarch64.manylinux2014_aarch64.whl", hash = "sha256:f4324929c2dd917598212bfd554757feca3e5e0fa60da08be11b4aa8b90013c1"},
    {file = "orjson-3.10.5-cp310-cp310-manylinux_2_17_ppc64le.manylinux2014_ppc64le.whl", hash = "sha256:8c13ca5e2ddded0ce6a927ea5a9f27cae77eee4c75547b4297252cb20c4d30e6"},
    {file = "orjson-3.10.5-cp310-cp310-manylinux_2_17_s390x.manylinux2014_s390x.whl", hash = "sha256:b6c8e30adfa52c025f042a87f450a6b9ea29649d828e0fec4858ed5e6caecf63"},
    {file = "orjson-3.10.5-cp310-cp310-manylinux_2_17_x86_64.manylinux2014_x86_64.whl", hash = "sha256:338fd4f071b242f26e9ca802f443edc588fa4ab60bfa81f38beaedf42eda226c"},
    {file = "orjson-3.10.5-cp310-cp310-musllinux_1_2_aarch64.whl", hash = "sha256:6970ed7a3126cfed873c5d21ece1cd5d6f83ca6c9afb71bbae21a0b034588d96"},
    {file = "orjson-3.10.5-cp310-cp310-musllinux_1_2_x86_64.whl", hash = "sha256:235dadefb793ad12f7fa11e98a480db1f7c6469ff9e3da5e73c7809c700d746b"},
    {file = "orjson-3.10.5-cp310-none-win32.whl", hash = "sha256:be79e2393679eda6a590638abda16d167754393f5d0850dcbca2d0c3735cebe2"},
    {file = "orjson-3.10.5-cp310-none-win_amd64.whl", hash = "sha256:c4a65310ccb5c9910c47b078ba78e2787cb3878cdded1702ac3d0da71ddc5228"},
    {file = "orjson-3.10.5-cp311-cp311-macosx_10_15_x86_64.macosx_11_0_arm64.macosx_10_15_universal2.whl", hash = "sha256:cdf7365063e80899ae3a697def1277c17a7df7ccfc979990a403dfe77bb54d40"},
    {file = "orjson-3.10.5-cp311-cp311-manylinux_2_17_aarch64.manylinux2014_aarch64.whl", hash = "sha256:6b68742c469745d0e6ca5724506858f75e2f1e5b59a4315861f9e2b1df77775a"},
    {file = "orjson-3.10.5-cp311-cp311-manylinux_2_17_ppc64le.manylinux2014_ppc64le.whl", hash = "sha256:7d10cc1b594951522e35a3463da19e899abe6ca95f3c84c69e9e901e0bd93d38"},
    {file = "orjson-3.10.5-cp311-cp311-manylinux_2_17_s390x.manylinux2014_s390x.whl", hash = "sha256:dcbe82b35d1ac43b0d84072408330fd3295c2896973112d495e7234f7e3da2e1"},
    {file = "orjson-3.10.5-cp311-cp311-manylinux_2_17_x86_64.manylinux2014_x86_64.whl", hash = "sha256:10c0eb7e0c75e1e486c7563fe231b40fdd658a035ae125c6ba651ca3b07936f5"},
    {file = "orjson-3.10.5-cp311-cp311-musllinux_1_2_aarch64.whl", hash = "sha256:53ed1c879b10de56f35daf06dbc4a0d9a5db98f6ee853c2dbd3ee9d13e6f302f"},
    {file = "orjson-3.10.5-cp311-cp311-musllinux_1_2_x86_64.whl", hash = "sha256:099e81a5975237fda3100f918839af95f42f981447ba8f47adb7b6a3cdb078fa"},
    {file = "orjson-3.10.5-cp311-none-win32.whl", hash = "sha256:1146bf85ea37ac421594107195db8bc77104f74bc83e8ee21a2e58596bfb2f04"},
    {file = "orjson-3.10.5-cp311-none-win_amd64.whl", hash = "sha256:36a10f43c5f3a55c2f680efe07aa93ef4a342d2960dd2b1b7ea2dd764fe4a37c"},
    {file = "orjson-3.10.5-cp312-cp312-macosx_10_15_x86_64.macosx_11_0_arm64.macosx_10_15_universal2.whl", hash = "sha256:68f85ecae7af14a585a563ac741b0547a3f291de81cd1e20903e79f25170458f"},
    {file = "orjson-3.10.5-cp312-cp312-manylinux_2_17_aarch64.manylinux2014_aarch64.whl", hash = "sha256:28afa96f496474ce60d3340fe8d9a263aa93ea01201cd2bad844c45cd21f5268"},
    {file = "orjson-3.10.5-cp312-cp312-manylinux_2_17_ppc64le.manylinux2014_ppc64le.whl", hash = "sha256:9cd684927af3e11b6e754df80b9ffafd9fb6adcaa9d3e8fdd5891be5a5cad51e"},
    {file = "orjson-3.10.5-cp312-cp312-manylinux_2_17_s390x.manylinux2014_s390x.whl", hash = "sha256:3d21b9983da032505f7050795e98b5d9eee0df903258951566ecc358f6696969"},
    {file = "orjson-3.10.5-cp312-cp312-manylinux_2_17_x86_64.manylinux2014_x86_64.whl", hash = "sha256:1ad1de7fef79736dde8c3554e75361ec351158a906d747bd901a52a5c9c8d24b"},
    {file = "orjson-3.10.5-cp312-cp312-musllinux_1_2_aarch64.whl", hash = "sha256:2d97531cdfe9bdd76d492e69800afd97e5930cb0da6a825646667b2c6c6c0211"},
    {file = "orjson-3.10.5-cp312-cp312-musllinux_1_2_x86_64.whl", hash = "sha256:d69858c32f09c3e1ce44b617b3ebba1aba030e777000ebdf72b0d8e365d0b2b3"},
    {file = "orjson-3.10.5-cp312-none-win32.whl", hash = "sha256:64c9cc089f127e5875901ac05e5c25aa13cfa5dbbbd9602bda51e5c611d6e3e2"},
    {file = "orjson-3.10.5-cp312-none-win_amd64.whl", hash = "sha256:b2efbd67feff8c1f7728937c0d7f6ca8c25ec81373dc8db4ef394c1d93d13dc5"},
    {file = "orjson-3.10.5-cp38-cp38-macosx_10_15_x86_64.macosx_11_0_arm64.macosx_10_15_universal2.whl", hash = "sha256:03b565c3b93f5d6e001db48b747d31ea3819b89abf041ee10ac6988886d18e01"},
    {file = "orjson-3.10.5-cp38-cp38-manylinux_2_17_aarch64.manylinux2014_aarch64.whl", hash = "sha256:584c902ec19ab7928fd5add1783c909094cc53f31ac7acfada817b0847975f26"},
    {file = "orjson-3.10.5-cp38-cp38-manylinux_2_17_ppc64le.manylinux2014_ppc64le.whl", hash = "sha256:5a35455cc0b0b3a1eaf67224035f5388591ec72b9b6136d66b49a553ce9eb1e6"},
    {file = "orjson-3.10.5-cp38-cp38-manylinux_2_17_s390x.manylinux2014_s390x.whl", hash = "sha256:1670fe88b116c2745a3a30b0f099b699a02bb3482c2591514baf5433819e4f4d"},
    {file = "orjson-3.10.5-cp38-cp38-manylinux_2_17_x86_64.manylinux2014_x86_64.whl", hash = "sha256:185c394ef45b18b9a7d8e8f333606e2e8194a50c6e3c664215aae8cf42c5385e"},
    {file = "orjson-3.10.5-cp38-cp38-musllinux_1_2_aarch64.whl", hash = "sha256:ca0b3a94ac8d3886c9581b9f9de3ce858263865fdaa383fbc31c310b9eac07c9"},
    {file = "orjson-3.10.5-cp38-cp38-musllinux_1_2_x86_64.whl", hash = "sha256:dfc91d4720d48e2a709e9c368d5125b4b5899dced34b5400c3837dadc7d6271b"},
    {file = "orjson-3.10.5-cp38-none-win32.whl", hash = "sha256:c05f16701ab2a4ca146d0bca950af254cb7c02f3c01fca8efbbad82d23b3d9d4"},
    {file = "orjson-3.10.5-cp38-none-win_amd64.whl", hash = "sha256:8a11d459338f96a9aa7f232ba95679fc0c7cedbd1b990d736467894210205c09"},
    {file = "orjson-3.10.5-cp39-cp39-macosx_10_15_x86_64.macosx_11_0_arm64.macosx_10_15_universal2.whl", hash = "sha256:85c89131d7b3218db1b24c4abecea92fd6c7f9fab87441cfc342d3acc725d807"},
    {file = "orjson-3.10.5-cp39-cp39-manylinux_2_17_aarch64.manylinux2014_aarch64.whl", hash = "sha256:fb66215277a230c456f9038d5e2d84778141643207f85336ef8d2a9da26bd7ca"},
    {file = "orjson-3.10.5-cp39-cp39-manylinux_2_17_ppc64le.manylinux2014_ppc64le.whl", hash = "sha256:51bbcdea96cdefa4a9b4461e690c75ad4e33796530d182bdd5c38980202c134a"},
    {file = "orjson-3.10.5-cp39-cp39-manylinux_2_17_s390x.manylinux2014_s390x.whl", hash = "sha256:dbead71dbe65f959b7bd8cf91e0e11d5338033eba34c114f69078d59827ee139"},
    {file = "orjson-3.10.5-cp39-cp39-manylinux_2_17_x86_64.manylinux2014_x86_64.whl", hash = "sha256:5df58d206e78c40da118a8c14fc189207fffdcb1f21b3b4c9c0c18e839b5a214"},
    {file = "orjson-3.10.5-cp39-cp39-musllinux_1_2_aarch64.whl", hash = "sha256:c4057c3b511bb8aef605616bd3f1f002a697c7e4da6adf095ca5b84c0fd43595"},
    {file = "orjson-3.10.5-cp39-cp39-musllinux_1_2_x86_64.whl", hash = "sha256:b39e006b00c57125ab974362e740c14a0c6a66ff695bff44615dcf4a70ce2b86"},
    {file = "orjson-3.10.5-cp39-none-win32.whl", hash = "sha256:eded5138cc565a9d618e111c6d5c2547bbdd951114eb822f7f6309e04db0fb47"},
    {file = "orjson-3.10.5-cp39-none-win_amd64.whl", hash = "sha256:cc28e90a7cae7fcba2493953cff61da5a52950e78dc2dacfe931a317ee3d8de7"},
    {file = "orjson-3.10.5.tar.gz", hash = "sha256:7a5baef8a4284405d96c90c7c62b755e9ef1ada84c2406c24a9ebec86b89f46d"},
]

[[package]]
name = "packaging"
version = "24.1"
description = "Core utilities for Python packages"
optional = false
python-versions = ">=3.8"
files = [
    {file = "packaging-24.1-py3-none-any.whl", hash = "sha256:5b8f2217dbdbd2f7f384c41c628544e6d52f2d0f53c6d0c3ea61aa5d1d7ff124"},
    {file = "packaging-24.1.tar.gz", hash = "sha256:026ed72c8ed3fcce5bf8950572258698927fd1dbda10a5e981cdf0ac37f4f002"},
]

[[package]]
name = "pathspec"
version = "0.12.1"
description = "Utility library for gitignore style pattern matching of file paths."
optional = false
python-versions = ">=3.8"
files = [
    {file = "pathspec-0.12.1-py3-none-any.whl", hash = "sha256:a0d503e138a4c123b27490a4f7beda6a01c6f288df0e4a8b79c7eb0dc7b4cc08"},
    {file = "pathspec-0.12.1.tar.gz", hash = "sha256:a482d51503a1ab33b1c67a6c3813a26953dbdc71c31dacaef9a838c4e29f5712"},
]

[[package]]
name = "platformdirs"
version = "4.2.2"
description = "A small Python package for determining appropriate platform-specific dirs, e.g. a `user data dir`."
optional = false
python-versions = ">=3.8"
files = [
    {file = "platformdirs-4.2.2-py3-none-any.whl", hash = "sha256:2d7a1657e36a80ea911db832a8a6ece5ee53d8de21edd5cc5879af6530b1bfee"},
    {file = "platformdirs-4.2.2.tar.gz", hash = "sha256:38b7b51f512eed9e84a22788b4bce1de17c0adb134d6becb09836e37d8654cd3"},
]

[package.extras]
docs = ["furo (>=2023.9.10)", "proselint (>=0.13)", "sphinx (>=7.2.6)", "sphinx-autodoc-typehints (>=1.25.2)"]
test = ["appdirs (==1.4.4)", "covdefaults (>=2.3)", "pytest (>=7.4.3)", "pytest-cov (>=4.1)", "pytest-mock (>=3.12)"]
type = ["mypy (>=1.8)"]

[[package]]
name = "pyright"
version = "1.1.369"
description = "Command line wrapper for pyright"
optional = false
python-versions = ">=3.7"
files = [
    {file = "pyright-1.1.369-py3-none-any.whl", hash = "sha256:06d5167a8d7be62523ced0265c5d2f1e022e110caf57a25d92f50fb2d07bcda0"},
    {file = "pyright-1.1.369.tar.gz", hash = "sha256:ad290710072d021e213b98cc7a2f90ae3a48609ef5b978f749346d1a47eb9af8"},
]

[package.dependencies]
nodeenv = ">=1.6.0"

[package.extras]
all = ["twine (>=3.4.1)"]
dev = ["twine (>=3.4.1)"]

[[package]]
name = "ruff"
version = "0.5.0"
description = "An extremely fast Python linter and code formatter, written in Rust."
optional = false
python-versions = ">=3.7"
files = [
    {file = "ruff-0.5.0-py3-none-linux_armv6l.whl", hash = "sha256:ee770ea8ab38918f34e7560a597cc0a8c9a193aaa01bfbd879ef43cb06bd9c4c"},
    {file = "ruff-0.5.0-py3-none-macosx_10_12_x86_64.whl", hash = "sha256:38f3b8327b3cb43474559d435f5fa65dacf723351c159ed0dc567f7ab735d1b6"},
    {file = "ruff-0.5.0-py3-none-macosx_11_0_arm64.whl", hash = "sha256:7594f8df5404a5c5c8f64b8311169879f6cf42142da644c7e0ba3c3f14130370"},
    {file = "ruff-0.5.0-py3-none-manylinux_2_17_aarch64.manylinux2014_aarch64.whl", hash = "sha256:adc7012d6ec85032bc4e9065110df205752d64010bed5f958d25dbee9ce35de3"},
    {file = "ruff-0.5.0-py3-none-manylinux_2_17_armv7l.manylinux2014_armv7l.whl", hash = "sha256:d505fb93b0fabef974b168d9b27c3960714d2ecda24b6ffa6a87ac432905ea38"},
    {file = "ruff-0.5.0-py3-none-manylinux_2_17_i686.manylinux2014_i686.whl", hash = "sha256:9dc5cfd3558f14513ed0d5b70ce531e28ea81a8a3b1b07f0f48421a3d9e7d80a"},
    {file = "ruff-0.5.0-py3-none-manylinux_2_17_ppc64.manylinux2014_ppc64.whl", hash = "sha256:db3ca35265de239a1176d56a464b51557fce41095c37d6c406e658cf80bbb362"},
    {file = "ruff-0.5.0-py3-none-manylinux_2_17_ppc64le.manylinux2014_ppc64le.whl", hash = "sha256:b1a321c4f68809fddd9b282fab6a8d8db796b270fff44722589a8b946925a2a8"},
    {file = "ruff-0.5.0-py3-none-manylinux_2_17_s390x.manylinux2014_s390x.whl", hash = "sha256:2c4dfcd8d34b143916994b3876b63d53f56724c03f8c1a33a253b7b1e6bf2a7d"},
    {file = "ruff-0.5.0-py3-none-manylinux_2_17_x86_64.manylinux2014_x86_64.whl", hash = "sha256:81e5facfc9f4a674c6a78c64d38becfbd5e4f739c31fcd9ce44c849f1fad9e4c"},
    {file = "ruff-0.5.0-py3-none-musllinux_1_2_aarch64.whl", hash = "sha256:e589e27971c2a3efff3fadafb16e5aef7ff93250f0134ec4b52052b673cf988d"},
    {file = "ruff-0.5.0-py3-none-musllinux_1_2_armv7l.whl", hash = "sha256:d2ffbc3715a52b037bcb0f6ff524a9367f642cdc5817944f6af5479bbb2eb50e"},
    {file = "ruff-0.5.0-py3-none-musllinux_1_2_i686.whl", hash = "sha256:cd096e23c6a4f9c819525a437fa0a99d1c67a1b6bb30948d46f33afbc53596cf"},
    {file = "ruff-0.5.0-py3-none-musllinux_1_2_x86_64.whl", hash = "sha256:46e193b36f2255729ad34a49c9a997d506e58f08555366b2108783b3064a0e1e"},
    {file = "ruff-0.5.0-py3-none-win32.whl", hash = "sha256:49141d267100f5ceff541b4e06552e98527870eafa1acc9dec9139c9ec5af64c"},
    {file = "ruff-0.5.0-py3-none-win_amd64.whl", hash = "sha256:e9118f60091047444c1b90952736ee7b1792910cab56e9b9a9ac20af94cd0440"},
    {file = "ruff-0.5.0-py3-none-win_arm64.whl", hash = "sha256:ed5c4df5c1fb4518abcb57725b576659542bdbe93366f4f329e8f398c4b71178"},
    {file = "ruff-0.5.0.tar.gz", hash = "sha256:eb641b5873492cf9bd45bc9c5ae5320648218e04386a5f0c264ad6ccce8226a1"},
]

[metadata]
lock-version = "2.0"
python-versions = "^3.11"
content-hash = "5e8243e070f1d2bf5464f3d517f049aacd2e177cd8e0d25a16c19ce099e6de50"
